// !$*UTF8*$!
{
	archiveVersion = 1;
	classes = {
	};
	objectVersion = 46;
	objects = {

/* Begin PBXBuildFile section */
		4F47F577D71135363D37E531 /* Pods_LivoniaAdultGentleCareTests.framework in Frameworks */ = {isa = PBXBuildFile; fileRef = 9FCD99EC3E32B5A1C2D77ED7 /* Pods_LivoniaAdultGentleCareTests.framework */; };
		A84F1082201E0CFD34014BBA /* Pods_LivoniaAdultGentleCareUITests.framework in Frameworks */ = {isa = PBXBuildFile; fileRef = 6983E241CD7E62CB4C21F406 /* Pods_LivoniaAdultGentleCareUITests.framework */; };
		B5AA4F9D21346C30B88B8FE8 /* Pods_LivoniaAdultGentleCare.framework in Frameworks */ = {isa = PBXBuildFile; fileRef = FEA75FC9E4267A1E358FF621 /* Pods_LivoniaAdultGentleCare.framework */; };
		EF03BE151DAC36C800E88A51 /* NewsTVC.swift in Sources */ = {isa = PBXBuildFile; fileRef = EF03BE141DAC36C800E88A51 /* NewsTVC.swift */; };
		EF03BE171DAC5BCB00E88A51 /* PostManager.swift in Sources */ = {isa = PBXBuildFile; fileRef = EF03BE161DAC5BCB00E88A51 /* PostManager.swift */; };
		EF03BE1A1DAC647C00E88A51 /* IntresetPost.swift in Sources */ = {isa = PBXBuildFile; fileRef = EF03BE191DAC647C00E88A51 /* IntresetPost.swift */; };
		EF03BE1C1DAC649400E88A51 /* UpdatePost.swift in Sources */ = {isa = PBXBuildFile; fileRef = EF03BE1B1DAC649400E88A51 /* UpdatePost.swift */; };
		EF0F0A471DAC241F00BAA000 /* IntrestCell.swift in Sources */ = {isa = PBXBuildFile; fileRef = EF0F0A461DAC241F00BAA000 /* IntrestCell.swift */; };
		EF0F0A491DAC243100BAA000 /* UpdateCell.swift in Sources */ = {isa = PBXBuildFile; fileRef = EF0F0A481DAC243100BAA000 /* UpdateCell.swift */; };
		EF345D751D96E3030029BD4B /* GalleryModel.swift in Sources */ = {isa = PBXBuildFile; fileRef = EF345D741D96E3030029BD4B /* GalleryModel.swift */; };
		EF345D771D9726AF0029BD4B /* Extensions.swift in Sources */ = {isa = PBXBuildFile; fileRef = EF345D761D9726AF0029BD4B /* Extensions.swift */; };
		EF345D791D976C650029BD4B /* ShadowHideable.swift in Sources */ = {isa = PBXBuildFile; fileRef = EF345D781D976C650029BD4B /* ShadowHideable.swift */; };
		EF345D7B1D987CBC0029BD4B /* HomePVC.swift in Sources */ = {isa = PBXBuildFile; fileRef = EF345D7A1D987CBC0029BD4B /* HomePVC.swift */; };
		EF345D7D1D987F2B0029BD4B /* HomeDisplayModel.swift in Sources */ = {isa = PBXBuildFile; fileRef = EF345D7C1D987F2B0029BD4B /* HomeDisplayModel.swift */; };
		EF5EEC1A1DA0A19300462E10 /* GalleryDisplayCVC.swift in Sources */ = {isa = PBXBuildFile; fileRef = EF5EEC191DA0A19300462E10 /* GalleryDisplayCVC.swift */; };
		EF5EEC1C1DA0A48600462E10 /* GalleryDisplayCell.swift in Sources */ = {isa = PBXBuildFile; fileRef = EF5EEC1B1DA0A48600462E10 /* GalleryDisplayCell.swift */; };
		EFAB47001D8DB72200F78BF0 /* AppDelegate.swift in Sources */ = {isa = PBXBuildFile; fileRef = EFAB46FF1D8DB72200F78BF0 /* AppDelegate.swift */; };
		EFAB47071D8DB72300F78BF0 /* Main.storyboard in Resources */ = {isa = PBXBuildFile; fileRef = EFAB47051D8DB72300F78BF0 /* Main.storyboard */; };
		EFAB47091D8DB72300F78BF0 /* Assets.xcassets in Resources */ = {isa = PBXBuildFile; fileRef = EFAB47081D8DB72300F78BF0 /* Assets.xcassets */; };
		EFAB470C1D8DB72300F78BF0 /* LaunchScreen.storyboard in Resources */ = {isa = PBXBuildFile; fileRef = EFAB470A1D8DB72300F78BF0 /* LaunchScreen.storyboard */; };
		EFAB47171D8DB72300F78BF0 /* LivoniaAdultGentleCareTests.swift in Sources */ = {isa = PBXBuildFile; fileRef = EFAB47161D8DB72300F78BF0 /* LivoniaAdultGentleCareTests.swift */; };
		EFAB47221D8DB72300F78BF0 /* LivoniaAdultGentleCareUITests.swift in Sources */ = {isa = PBXBuildFile; fileRef = EFAB47211D8DB72300F78BF0 /* LivoniaAdultGentleCareUITests.swift */; };
		EFAB47341D8DB91200F78BF0 /* HomeVC.swift in Sources */ = {isa = PBXBuildFile; fileRef = EFAB47331D8DB91200F78BF0 /* HomeVC.swift */; };
		EFAB47361D8DB92000F78BF0 /* GalleryVC.swift in Sources */ = {isa = PBXBuildFile; fileRef = EFAB47351D8DB92000F78BF0 /* GalleryVC.swift */; };
		EFAB47381D8DB93D00F78BF0 /* NewsVC.swift in Sources */ = {isa = PBXBuildFile; fileRef = EFAB47371D8DB93D00F78BF0 /* NewsVC.swift */; };
		EFAB473A1D8DB94700F78BF0 /* ContactVC.swift in Sources */ = {isa = PBXBuildFile; fileRef = EFAB47391D8DB94700F78BF0 /* ContactVC.swift */; };
		EFAB473D1D8DBE9900F78BF0 /* MapKit.framework in Frameworks */ = {isa = PBXBuildFile; fileRef = EFAB473C1D8DBE9900F78BF0 /* MapKit.framework */; };
		EFBF92E71DA6F28A00C031A1 /* PageControlView.swift in Sources */ = {isa = PBXBuildFile; fileRef = EFBF92E61DA6F28A00C031A1 /* PageControlView.swift */; };
		EFF5141D1D91F977001F5B41 /* TabBarController.swift in Sources */ = {isa = PBXBuildFile; fileRef = EFF5141C1D91F977001F5B41 /* TabBarController.swift */; };
		EFF514211D9207C8001F5B41 /* GalleryCell.swift in Sources */ = {isa = PBXBuildFile; fileRef = EFF514201D9207C8001F5B41 /* GalleryCell.swift */; };
		EFF514231D9207FD001F5B41 /* GalleryCVC.swift in Sources */ = {isa = PBXBuildFile; fileRef = EFF514221D9207FD001F5B41 /* GalleryCVC.swift */; };
		EFF514271D923700001F5B41 /* CHTCollectionViewWaterfallLayout.swift in Sources */ = {isa = PBXBuildFile; fileRef = EFF514261D923700001F5B41 /* CHTCollectionViewWaterfallLayout.swift */; };
/* End PBXBuildFile section */

/* Begin PBXContainerItemProxy section */
		EFAB47131D8DB72300F78BF0 /* PBXContainerItemProxy */ = {
			isa = PBXContainerItemProxy;
			containerPortal = EFAB46F41D8DB72200F78BF0 /* Project object */;
			proxyType = 1;
			remoteGlobalIDString = EFAB46FB1D8DB72200F78BF0;
			remoteInfo = LivoniaAdultGentleCare;
		};
		EFAB471E1D8DB72300F78BF0 /* PBXContainerItemProxy */ = {
			isa = PBXContainerItemProxy;
			containerPortal = EFAB46F41D8DB72200F78BF0 /* Project object */;
			proxyType = 1;
			remoteGlobalIDString = EFAB46FB1D8DB72200F78BF0;
			remoteInfo = LivoniaAdultGentleCare;
		};
/* End PBXContainerItemProxy section */

/* Begin PBXFileReference section */
		43C328AB1928A09E33528EC5 /* Pods-LivoniaAdultGentleCareUITests.release.xcconfig */ = {isa = PBXFileReference; includeInIndex = 1; lastKnownFileType = text.xcconfig; name = "Pods-LivoniaAdultGentleCareUITests.release.xcconfig"; path = "Pods/Target Support Files/Pods-LivoniaAdultGentleCareUITests/Pods-LivoniaAdultGentleCareUITests.release.xcconfig"; sourceTree = "<group>"; };
		6983E241CD7E62CB4C21F406 /* Pods_LivoniaAdultGentleCareUITests.framework */ = {isa = PBXFileReference; explicitFileType = wrapper.framework; includeInIndex = 0; path = Pods_LivoniaAdultGentleCareUITests.framework; sourceTree = BUILT_PRODUCTS_DIR; };
		845F77F74710192AFB192F22 /* Pods-LivoniaAdultGentleCare.release.xcconfig */ = {isa = PBXFileReference; includeInIndex = 1; lastKnownFileType = text.xcconfig; name = "Pods-LivoniaAdultGentleCare.release.xcconfig"; path = "Pods/Target Support Files/Pods-LivoniaAdultGentleCare/Pods-LivoniaAdultGentleCare.release.xcconfig"; sourceTree = "<group>"; };
		9FCD99EC3E32B5A1C2D77ED7 /* Pods_LivoniaAdultGentleCareTests.framework */ = {isa = PBXFileReference; explicitFileType = wrapper.framework; includeInIndex = 0; path = Pods_LivoniaAdultGentleCareTests.framework; sourceTree = BUILT_PRODUCTS_DIR; };
		B610E560FE64CCEF90EA8094 /* Pods-LivoniaAdultGentleCareUITests.debug.xcconfig */ = {isa = PBXFileReference; includeInIndex = 1; lastKnownFileType = text.xcconfig; name = "Pods-LivoniaAdultGentleCareUITests.debug.xcconfig"; path = "Pods/Target Support Files/Pods-LivoniaAdultGentleCareUITests/Pods-LivoniaAdultGentleCareUITests.debug.xcconfig"; sourceTree = "<group>"; };
		C65913EC6C1505EF98869544 /* Pods-LivoniaAdultGentleCare.debug.xcconfig */ = {isa = PBXFileReference; includeInIndex = 1; lastKnownFileType = text.xcconfig; name = "Pods-LivoniaAdultGentleCare.debug.xcconfig"; path = "Pods/Target Support Files/Pods-LivoniaAdultGentleCare/Pods-LivoniaAdultGentleCare.debug.xcconfig"; sourceTree = "<group>"; };
		E695320DB525186C619B641A /* Pods-LivoniaAdultGentleCareTests.release.xcconfig */ = {isa = PBXFileReference; includeInIndex = 1; lastKnownFileType = text.xcconfig; name = "Pods-LivoniaAdultGentleCareTests.release.xcconfig"; path = "Pods/Target Support Files/Pods-LivoniaAdultGentleCareTests/Pods-LivoniaAdultGentleCareTests.release.xcconfig"; sourceTree = "<group>"; };
		EF03BE141DAC36C800E88A51 /* NewsTVC.swift */ = {isa = PBXFileReference; fileEncoding = 4; lastKnownFileType = sourcecode.swift; path = NewsTVC.swift; sourceTree = "<group>"; };
		EF03BE161DAC5BCB00E88A51 /* PostManager.swift */ = {isa = PBXFileReference; fileEncoding = 4; lastKnownFileType = sourcecode.swift; path = PostManager.swift; sourceTree = "<group>"; };
		EF03BE191DAC647C00E88A51 /* IntresetPost.swift */ = {isa = PBXFileReference; fileEncoding = 4; lastKnownFileType = sourcecode.swift; path = IntresetPost.swift; sourceTree = "<group>"; };
		EF03BE1B1DAC649400E88A51 /* UpdatePost.swift */ = {isa = PBXFileReference; fileEncoding = 4; lastKnownFileType = sourcecode.swift; path = UpdatePost.swift; sourceTree = "<group>"; };
		EF0F0A461DAC241F00BAA000 /* IntrestCell.swift */ = {isa = PBXFileReference; fileEncoding = 4; lastKnownFileType = sourcecode.swift; path = IntrestCell.swift; sourceTree = "<group>"; };
		EF0F0A481DAC243100BAA000 /* UpdateCell.swift */ = {isa = PBXFileReference; fileEncoding = 4; lastKnownFileType = sourcecode.swift; path = UpdateCell.swift; sourceTree = "<group>"; };
		EF345D741D96E3030029BD4B /* GalleryModel.swift */ = {isa = PBXFileReference; fileEncoding = 4; lastKnownFileType = sourcecode.swift; path = GalleryModel.swift; sourceTree = "<group>"; };
		EF345D761D9726AF0029BD4B /* Extensions.swift */ = {isa = PBXFileReference; fileEncoding = 4; lastKnownFileType = sourcecode.swift; path = Extensions.swift; sourceTree = "<group>"; };
		EF345D781D976C650029BD4B /* ShadowHideable.swift */ = {isa = PBXFileReference; fileEncoding = 4; lastKnownFileType = sourcecode.swift; path = ShadowHideable.swift; sourceTree = "<group>"; };
		EF345D7A1D987CBC0029BD4B /* HomePVC.swift */ = {isa = PBXFileReference; fileEncoding = 4; lastKnownFileType = sourcecode.swift; path = HomePVC.swift; sourceTree = "<group>"; };
		EF345D7C1D987F2B0029BD4B /* HomeDisplayModel.swift */ = {isa = PBXFileReference; fileEncoding = 4; lastKnownFileType = sourcecode.swift; path = HomeDisplayModel.swift; sourceTree = "<group>"; };
		EF5EEC191DA0A19300462E10 /* GalleryDisplayCVC.swift */ = {isa = PBXFileReference; fileEncoding = 4; lastKnownFileType = sourcecode.swift; path = GalleryDisplayCVC.swift; sourceTree = "<group>"; };
		EF5EEC1B1DA0A48600462E10 /* GalleryDisplayCell.swift */ = {isa = PBXFileReference; fileEncoding = 4; lastKnownFileType = sourcecode.swift; path = GalleryDisplayCell.swift; sourceTree = "<group>"; };
		EFAB46FC1D8DB72200F78BF0 /* LivoniaAdultGentleCare.app */ = {isa = PBXFileReference; explicitFileType = wrapper.application; includeInIndex = 0; path = LivoniaAdultGentleCare.app; sourceTree = BUILT_PRODUCTS_DIR; };
		EFAB46FF1D8DB72200F78BF0 /* AppDelegate.swift */ = {isa = PBXFileReference; lastKnownFileType = sourcecode.swift; path = AppDelegate.swift; sourceTree = "<group>"; };
		EFAB47061D8DB72300F78BF0 /* Base */ = {isa = PBXFileReference; lastKnownFileType = file.storyboard; name = Base; path = Base.lproj/Main.storyboard; sourceTree = "<group>"; };
		EFAB47081D8DB72300F78BF0 /* Assets.xcassets */ = {isa = PBXFileReference; lastKnownFileType = folder.assetcatalog; path = Assets.xcassets; sourceTree = "<group>"; };
		EFAB470B1D8DB72300F78BF0 /* Base */ = {isa = PBXFileReference; lastKnownFileType = file.storyboard; name = Base; path = Base.lproj/LaunchScreen.storyboard; sourceTree = "<group>"; };
		EFAB470D1D8DB72300F78BF0 /* Info.plist */ = {isa = PBXFileReference; lastKnownFileType = text.plist.xml; path = Info.plist; sourceTree = "<group>"; };
		EFAB47121D8DB72300F78BF0 /* LivoniaAdultGentleCareTests.xctest */ = {isa = PBXFileReference; explicitFileType = wrapper.cfbundle; includeInIndex = 0; path = LivoniaAdultGentleCareTests.xctest; sourceTree = BUILT_PRODUCTS_DIR; };
		EFAB47161D8DB72300F78BF0 /* LivoniaAdultGentleCareTests.swift */ = {isa = PBXFileReference; lastKnownFileType = sourcecode.swift; path = LivoniaAdultGentleCareTests.swift; sourceTree = "<group>"; };
		EFAB47181D8DB72300F78BF0 /* Info.plist */ = {isa = PBXFileReference; lastKnownFileType = text.plist.xml; path = Info.plist; sourceTree = "<group>"; };
		EFAB471D1D8DB72300F78BF0 /* LivoniaAdultGentleCareUITests.xctest */ = {isa = PBXFileReference; explicitFileType = wrapper.cfbundle; includeInIndex = 0; path = LivoniaAdultGentleCareUITests.xctest; sourceTree = BUILT_PRODUCTS_DIR; };
		EFAB47211D8DB72300F78BF0 /* LivoniaAdultGentleCareUITests.swift */ = {isa = PBXFileReference; lastKnownFileType = sourcecode.swift; path = LivoniaAdultGentleCareUITests.swift; sourceTree = "<group>"; };
		EFAB47231D8DB72300F78BF0 /* Info.plist */ = {isa = PBXFileReference; lastKnownFileType = text.plist.xml; path = Info.plist; sourceTree = "<group>"; };
		EFAB47331D8DB91200F78BF0 /* HomeVC.swift */ = {isa = PBXFileReference; fileEncoding = 4; lastKnownFileType = sourcecode.swift; path = HomeVC.swift; sourceTree = "<group>"; };
		EFAB47351D8DB92000F78BF0 /* GalleryVC.swift */ = {isa = PBXFileReference; fileEncoding = 4; lastKnownFileType = sourcecode.swift; path = GalleryVC.swift; sourceTree = "<group>"; };
		EFAB47371D8DB93D00F78BF0 /* NewsVC.swift */ = {isa = PBXFileReference; fileEncoding = 4; lastKnownFileType = sourcecode.swift; path = NewsVC.swift; sourceTree = "<group>"; };
		EFAB47391D8DB94700F78BF0 /* ContactVC.swift */ = {isa = PBXFileReference; fileEncoding = 4; lastKnownFileType = sourcecode.swift; path = ContactVC.swift; sourceTree = "<group>"; };
		EFAB473C1D8DBE9900F78BF0 /* MapKit.framework */ = {isa = PBXFileReference; lastKnownFileType = wrapper.framework; name = MapKit.framework; path = System/Library/Frameworks/MapKit.framework; sourceTree = SDKROOT; };
		EFBF92E61DA6F28A00C031A1 /* PageControlView.swift */ = {isa = PBXFileReference; fileEncoding = 4; lastKnownFileType = sourcecode.swift; path = PageControlView.swift; sourceTree = "<group>"; };
		EFF5141C1D91F977001F5B41 /* TabBarController.swift */ = {isa = PBXFileReference; fileEncoding = 4; lastKnownFileType = sourcecode.swift; path = TabBarController.swift; sourceTree = "<group>"; };
		EFF514201D9207C8001F5B41 /* GalleryCell.swift */ = {isa = PBXFileReference; fileEncoding = 4; lastKnownFileType = sourcecode.swift; name = GalleryCell.swift; path = ../GalleryCell.swift; sourceTree = "<group>"; };
		EFF514221D9207FD001F5B41 /* GalleryCVC.swift */ = {isa = PBXFileReference; fileEncoding = 4; lastKnownFileType = sourcecode.swift; path = GalleryCVC.swift; sourceTree = "<group>"; };
		EFF514261D923700001F5B41 /* CHTCollectionViewWaterfallLayout.swift */ = {isa = PBXFileReference; fileEncoding = 4; lastKnownFileType = sourcecode.swift; path = CHTCollectionViewWaterfallLayout.swift; sourceTree = "<group>"; };
		F3F0E86AEA236C418628D8AF /* Pods-LivoniaAdultGentleCareTests.debug.xcconfig */ = {isa = PBXFileReference; includeInIndex = 1; lastKnownFileType = text.xcconfig; name = "Pods-LivoniaAdultGentleCareTests.debug.xcconfig"; path = "Pods/Target Support Files/Pods-LivoniaAdultGentleCareTests/Pods-LivoniaAdultGentleCareTests.debug.xcconfig"; sourceTree = "<group>"; };
		FEA75FC9E4267A1E358FF621 /* Pods_LivoniaAdultGentleCare.framework */ = {isa = PBXFileReference; explicitFileType = wrapper.framework; includeInIndex = 0; path = Pods_LivoniaAdultGentleCare.framework; sourceTree = BUILT_PRODUCTS_DIR; };
/* End PBXFileReference section */

/* Begin PBXFrameworksBuildPhase section */
		EFAB46F91D8DB72200F78BF0 /* Frameworks */ = {
			isa = PBXFrameworksBuildPhase;
			buildActionMask = 2147483647;
			files = (
				EFAB473D1D8DBE9900F78BF0 /* MapKit.framework in Frameworks */,
				B5AA4F9D21346C30B88B8FE8 /* Pods_LivoniaAdultGentleCare.framework in Frameworks */,
			);
			runOnlyForDeploymentPostprocessing = 0;
		};
		EFAB470F1D8DB72300F78BF0 /* Frameworks */ = {
			isa = PBXFrameworksBuildPhase;
			buildActionMask = 2147483647;
			files = (
				4F47F577D71135363D37E531 /* Pods_LivoniaAdultGentleCareTests.framework in Frameworks */,
			);
			runOnlyForDeploymentPostprocessing = 0;
		};
		EFAB471A1D8DB72300F78BF0 /* Frameworks */ = {
			isa = PBXFrameworksBuildPhase;
			buildActionMask = 2147483647;
			files = (
				A84F1082201E0CFD34014BBA /* Pods_LivoniaAdultGentleCareUITests.framework in Frameworks */,
			);
			runOnlyForDeploymentPostprocessing = 0;
		};
/* End PBXFrameworksBuildPhase section */

/* Begin PBXGroup section */
		845930A6FC72F179C6B978C3 /* Pods */ = {
			isa = PBXGroup;
			children = (
				C65913EC6C1505EF98869544 /* Pods-LivoniaAdultGentleCare.debug.xcconfig */,
				845F77F74710192AFB192F22 /* Pods-LivoniaAdultGentleCare.release.xcconfig */,
				F3F0E86AEA236C418628D8AF /* Pods-LivoniaAdultGentleCareTests.debug.xcconfig */,
				E695320DB525186C619B641A /* Pods-LivoniaAdultGentleCareTests.release.xcconfig */,
				B610E560FE64CCEF90EA8094 /* Pods-LivoniaAdultGentleCareUITests.debug.xcconfig */,
				43C328AB1928A09E33528EC5 /* Pods-LivoniaAdultGentleCareUITests.release.xcconfig */,
			);
			name = Pods;
			sourceTree = "<group>";
		};
		EFAB46F31D8DB72200F78BF0 = {
			isa = PBXGroup;
			children = (
				EFAB46FE1D8DB72200F78BF0 /* LivoniaAdultGentleCare */,
				EFAB47151D8DB72300F78BF0 /* LivoniaAdultGentleCareTests */,
				EFAB47201D8DB72300F78BF0 /* LivoniaAdultGentleCareUITests */,
				EFAB46FD1D8DB72200F78BF0 /* Products */,
				EFAB473B1D8DBE9900F78BF0 /* Frameworks */,
				845930A6FC72F179C6B978C3 /* Pods */,
			);
			sourceTree = "<group>";
		};
		EFAB46FD1D8DB72200F78BF0 /* Products */ = {
			isa = PBXGroup;
			children = (
				EFAB46FC1D8DB72200F78BF0 /* LivoniaAdultGentleCare.app */,
				EFAB47121D8DB72300F78BF0 /* LivoniaAdultGentleCareTests.xctest */,
				EFAB471D1D8DB72300F78BF0 /* LivoniaAdultGentleCareUITests.xctest */,
			);
			name = Products;
			sourceTree = "<group>";
		};
		EFAB46FE1D8DB72200F78BF0 /* LivoniaAdultGentleCare */ = {
			isa = PBXGroup;
			children = (
				EFAB472F1D8DB88E00F78BF0 /* Model */,
				EFAB47301D8DB8A500F78BF0 /* View */,
				EFAB47311D8DB8AB00F78BF0 /* Controller */,
				EFAB47321D8DB8C500F78BF0 /* Helper */,
			);
			path = LivoniaAdultGentleCare;
			sourceTree = "<group>";
		};
		EFAB47151D8DB72300F78BF0 /* LivoniaAdultGentleCareTests */ = {
			isa = PBXGroup;
			children = (
				EFAB47161D8DB72300F78BF0 /* LivoniaAdultGentleCareTests.swift */,
				EFAB47181D8DB72300F78BF0 /* Info.plist */,
			);
			path = LivoniaAdultGentleCareTests;
			sourceTree = "<group>";
		};
		EFAB47201D8DB72300F78BF0 /* LivoniaAdultGentleCareUITests */ = {
			isa = PBXGroup;
			children = (
				EFAB47211D8DB72300F78BF0 /* LivoniaAdultGentleCareUITests.swift */,
				EFAB47231D8DB72300F78BF0 /* Info.plist */,
			);
			path = LivoniaAdultGentleCareUITests;
			sourceTree = "<group>";
		};
		EFAB472F1D8DB88E00F78BF0 /* Model */ = {
			isa = PBXGroup;
			children = (
				EFF514261D923700001F5B41 /* CHTCollectionViewWaterfallLayout.swift */,
				EF345D741D96E3030029BD4B /* GalleryModel.swift */,
				EF345D7C1D987F2B0029BD4B /* HomeDisplayModel.swift */,
				EF03BE161DAC5BCB00E88A51 /* PostManager.swift */,
				EF03BE191DAC647C00E88A51 /* IntresetPost.swift */,
				EF03BE1B1DAC649400E88A51 /* UpdatePost.swift */,
			);
			name = Model;
			sourceTree = "<group>";
		};
		EFAB47301D8DB8A500F78BF0 /* View */ = {
			isa = PBXGroup;
			children = (
				EFBF92E61DA6F28A00C031A1 /* PageControlView.swift */,
				EF0F0A461DAC241F00BAA000 /* IntrestCell.swift */,
				EF0F0A481DAC243100BAA000 /* UpdateCell.swift */,
			);
			name = View;
			sourceTree = "<group>";
		};
		EFAB47311D8DB8AB00F78BF0 /* Controller */ = {
			isa = PBXGroup;
			children = (
				EFAB47331D8DB91200F78BF0 /* HomeVC.swift */,
				EF345D7A1D987CBC0029BD4B /* HomePVC.swift */,
				EFAB47351D8DB92000F78BF0 /* GalleryVC.swift */,
				EFAB47371D8DB93D00F78BF0 /* NewsVC.swift */,
				EF03BE141DAC36C800E88A51 /* NewsTVC.swift */,
				EFF514201D9207C8001F5B41 /* GalleryCell.swift */,
				EFAB47391D8DB94700F78BF0 /* ContactVC.swift */,
				EFF514221D9207FD001F5B41 /* GalleryCVC.swift */,
				EF5EEC191DA0A19300462E10 /* GalleryDisplayCVC.swift */,
				EF5EEC1B1DA0A48600462E10 /* GalleryDisplayCell.swift */,
				EFF5141C1D91F977001F5B41 /* TabBarController.swift */,
			);
			name = Controller;
			sourceTree = "<group>";
		};
		EFAB47321D8DB8C500F78BF0 /* Helper */ = {
			isa = PBXGroup;
			children = (
				EFAB46FF1D8DB72200F78BF0 /* AppDelegate.swift */,
				EF345D761D9726AF0029BD4B /* Extensions.swift */,
				EFAB47051D8DB72300F78BF0 /* Main.storyboard */,
				EFAB47081D8DB72300F78BF0 /* Assets.xcassets */,
				EFAB470A1D8DB72300F78BF0 /* LaunchScreen.storyboard */,
				EFAB470D1D8DB72300F78BF0 /* Info.plist */,
				EF345D781D976C650029BD4B /* ShadowHideable.swift */,
			);
			name = Helper;
			sourceTree = "<group>";
		};
		EFAB473B1D8DBE9900F78BF0 /* Frameworks */ = {
			isa = PBXGroup;
			children = (
				EFAB473C1D8DBE9900F78BF0 /* MapKit.framework */,
				FEA75FC9E4267A1E358FF621 /* Pods_LivoniaAdultGentleCare.framework */,
				9FCD99EC3E32B5A1C2D77ED7 /* Pods_LivoniaAdultGentleCareTests.framework */,
				6983E241CD7E62CB4C21F406 /* Pods_LivoniaAdultGentleCareUITests.framework */,
			);
			name = Frameworks;
			sourceTree = "<group>";
		};
/* End PBXGroup section */

/* Begin PBXNativeTarget section */
		EFAB46FB1D8DB72200F78BF0 /* LivoniaAdultGentleCare */ = {
			isa = PBXNativeTarget;
			buildConfigurationList = EFAB47261D8DB72300F78BF0 /* Build configuration list for PBXNativeTarget "LivoniaAdultGentleCare" */;
			buildPhases = (
				36EC39E32399D584BC0A7187 /* 📦 Check Pods Manifest.lock */,
				EFAB46F81D8DB72200F78BF0 /* Sources */,
				EFAB46F91D8DB72200F78BF0 /* Frameworks */,
				EFAB46FA1D8DB72200F78BF0 /* Resources */,
				F44962025A11964DD2215CFB /* 📦 Embed Pods Frameworks */,
				2855FE89B39C84677EC53CF3 /* 📦 Copy Pods Resources */,
			);
			buildRules = (
			);
			dependencies = (
			);
			name = LivoniaAdultGentleCare;
			productName = LivoniaAdultGentleCare;
			productReference = EFAB46FC1D8DB72200F78BF0 /* LivoniaAdultGentleCare.app */;
			productType = "com.apple.product-type.application";
		};
		EFAB47111D8DB72300F78BF0 /* LivoniaAdultGentleCareTests */ = {
			isa = PBXNativeTarget;
			buildConfigurationList = EFAB47291D8DB72300F78BF0 /* Build configuration list for PBXNativeTarget "LivoniaAdultGentleCareTests" */;
			buildPhases = (
				3BE766F0FC27A28758CBF9B8 /* 📦 Check Pods Manifest.lock */,
				EFAB470E1D8DB72300F78BF0 /* Sources */,
				EFAB470F1D8DB72300F78BF0 /* Frameworks */,
				EFAB47101D8DB72300F78BF0 /* Resources */,
				D1E33D98A5F6857B3431B9D5 /* 📦 Embed Pods Frameworks */,
				0EC291B884F5316363D5F2FD /* 📦 Copy Pods Resources */,
			);
			buildRules = (
			);
			dependencies = (
				EFAB47141D8DB72300F78BF0 /* PBXTargetDependency */,
			);
			name = LivoniaAdultGentleCareTests;
			productName = LivoniaAdultGentleCareTests;
			productReference = EFAB47121D8DB72300F78BF0 /* LivoniaAdultGentleCareTests.xctest */;
			productType = "com.apple.product-type.bundle.unit-test";
		};
		EFAB471C1D8DB72300F78BF0 /* LivoniaAdultGentleCareUITests */ = {
			isa = PBXNativeTarget;
			buildConfigurationList = EFAB472C1D8DB72300F78BF0 /* Build configuration list for PBXNativeTarget "LivoniaAdultGentleCareUITests" */;
			buildPhases = (
				F50B669CEB13F47022BFD07C /* 📦 Check Pods Manifest.lock */,
				EFAB47191D8DB72300F78BF0 /* Sources */,
				EFAB471A1D8DB72300F78BF0 /* Frameworks */,
				EFAB471B1D8DB72300F78BF0 /* Resources */,
				D4B78F113037D1CDB5E0689D /* 📦 Copy Pods Resources */,
			);
			buildRules = (
			);
			dependencies = (
				EFAB471F1D8DB72300F78BF0 /* PBXTargetDependency */,
			);
			name = LivoniaAdultGentleCareUITests;
			productName = LivoniaAdultGentleCareUITests;
			productReference = EFAB471D1D8DB72300F78BF0 /* LivoniaAdultGentleCareUITests.xctest */;
			productType = "com.apple.product-type.bundle.ui-testing";
		};
/* End PBXNativeTarget section */

/* Begin PBXProject section */
		EFAB46F41D8DB72200F78BF0 /* Project object */ = {
			isa = PBXProject;
			attributes = {
				LastSwiftUpdateCheck = 0800;
				LastUpgradeCheck = 0810;
				ORGANIZATIONNAME = "Ovidiu Bortas";
				TargetAttributes = {
					EFAB46FB1D8DB72200F78BF0 = {
						CreatedOnToolsVersion = 8.0;
						DevelopmentTeam = 78PY5HFX5F;
						LastSwiftMigration = 0800;
						ProvisioningStyle = Automatic;
					};
					EFAB47111D8DB72300F78BF0 = {
						CreatedOnToolsVersion = 8.0;
						DevelopmentTeam = 78PY5HFX5F;
						LastSwiftMigration = 0800;
						ProvisioningStyle = Automatic;
						TestTargetID = EFAB46FB1D8DB72200F78BF0;
					};
					EFAB471C1D8DB72300F78BF0 = {
						CreatedOnToolsVersion = 8.0;
						DevelopmentTeam = 78PY5HFX5F;
						LastSwiftMigration = 0800;
						ProvisioningStyle = Automatic;
						TestTargetID = EFAB46FB1D8DB72200F78BF0;
					};
				};
			};
			buildConfigurationList = EFAB46F71D8DB72200F78BF0 /* Build configuration list for PBXProject "LivoniaAdultGentleCare" */;
			compatibilityVersion = "Xcode 3.2";
			developmentRegion = English;
			hasScannedForEncodings = 0;
			knownRegions = (
				en,
				Base,
			);
			mainGroup = EFAB46F31D8DB72200F78BF0;
			productRefGroup = EFAB46FD1D8DB72200F78BF0 /* Products */;
			projectDirPath = "";
			projectRoot = "";
			targets = (
				EFAB46FB1D8DB72200F78BF0 /* LivoniaAdultGentleCare */,
				EFAB47111D8DB72300F78BF0 /* LivoniaAdultGentleCareTests */,
				EFAB471C1D8DB72300F78BF0 /* LivoniaAdultGentleCareUITests */,
			);
		};
/* End PBXProject section */

/* Begin PBXResourcesBuildPhase section */
		EFAB46FA1D8DB72200F78BF0 /* Resources */ = {
			isa = PBXResourcesBuildPhase;
			buildActionMask = 2147483647;
			files = (
				EFAB470C1D8DB72300F78BF0 /* LaunchScreen.storyboard in Resources */,
				EFAB47091D8DB72300F78BF0 /* Assets.xcassets in Resources */,
				EFAB47071D8DB72300F78BF0 /* Main.storyboard in Resources */,
			);
			runOnlyForDeploymentPostprocessing = 0;
		};
		EFAB47101D8DB72300F78BF0 /* Resources */ = {
			isa = PBXResourcesBuildPhase;
			buildActionMask = 2147483647;
			files = (
			);
			runOnlyForDeploymentPostprocessing = 0;
		};
		EFAB471B1D8DB72300F78BF0 /* Resources */ = {
			isa = PBXResourcesBuildPhase;
			buildActionMask = 2147483647;
			files = (
			);
			runOnlyForDeploymentPostprocessing = 0;
		};
/* End PBXResourcesBuildPhase section */

/* Begin PBXShellScriptBuildPhase section */
		0EC291B884F5316363D5F2FD /* 📦 Copy Pods Resources */ = {
			isa = PBXShellScriptBuildPhase;
			buildActionMask = 2147483647;
			files = (
			);
			inputPaths = (
			);
			name = "📦 Copy Pods Resources";
			outputPaths = (
			);
			runOnlyForDeploymentPostprocessing = 0;
			shellPath = /bin/sh;
			shellScript = "\"${SRCROOT}/Pods/Target Support Files/Pods-LivoniaAdultGentleCareTests/Pods-LivoniaAdultGentleCareTests-resources.sh\"\n";
			showEnvVarsInLog = 0;
		};
		2855FE89B39C84677EC53CF3 /* 📦 Copy Pods Resources */ = {
			isa = PBXShellScriptBuildPhase;
			buildActionMask = 2147483647;
			files = (
			);
			inputPaths = (
			);
			name = "📦 Copy Pods Resources";
			outputPaths = (
			);
			runOnlyForDeploymentPostprocessing = 0;
			shellPath = /bin/sh;
			shellScript = "\"${SRCROOT}/Pods/Target Support Files/Pods-LivoniaAdultGentleCare/Pods-LivoniaAdultGentleCare-resources.sh\"\n";
			showEnvVarsInLog = 0;
		};
		36EC39E32399D584BC0A7187 /* 📦 Check Pods Manifest.lock */ = {
			isa = PBXShellScriptBuildPhase;
			buildActionMask = 2147483647;
			files = (
			);
			inputPaths = (
			);
			name = "📦 Check Pods Manifest.lock";
			outputPaths = (
			);
			runOnlyForDeploymentPostprocessing = 0;
			shellPath = /bin/sh;
			shellScript = "diff \"${PODS_ROOT}/../Podfile.lock\" \"${PODS_ROOT}/Manifest.lock\" > /dev/null\nif [[ $? != 0 ]] ; then\n    cat << EOM\nerror: The sandbox is not in sync with the Podfile.lock. Run 'pod install' or update your CocoaPods installation.\nEOM\n    exit 1\nfi\n";
			showEnvVarsInLog = 0;
		};
		3BE766F0FC27A28758CBF9B8 /* 📦 Check Pods Manifest.lock */ = {
			isa = PBXShellScriptBuildPhase;
			buildActionMask = 2147483647;
			files = (
			);
			inputPaths = (
			);
			name = "📦 Check Pods Manifest.lock";
			outputPaths = (
			);
			runOnlyForDeploymentPostprocessing = 0;
			shellPath = /bin/sh;
			shellScript = "diff \"${PODS_ROOT}/../Podfile.lock\" \"${PODS_ROOT}/Manifest.lock\" > /dev/null\nif [[ $? != 0 ]] ; then\n    cat << EOM\nerror: The sandbox is not in sync with the Podfile.lock. Run 'pod install' or update your CocoaPods installation.\nEOM\n    exit 1\nfi\n";
			showEnvVarsInLog = 0;
		};
		D1E33D98A5F6857B3431B9D5 /* 📦 Embed Pods Frameworks */ = {
			isa = PBXShellScriptBuildPhase;
			buildActionMask = 2147483647;
			files = (
			);
			inputPaths = (
			);
			name = "📦 Embed Pods Frameworks";
			outputPaths = (
			);
			runOnlyForDeploymentPostprocessing = 0;
			shellPath = /bin/sh;
			shellScript = "\"${SRCROOT}/Pods/Target Support Files/Pods-LivoniaAdultGentleCareTests/Pods-LivoniaAdultGentleCareTests-frameworks.sh\"\n";
			showEnvVarsInLog = 0;
		};
		D4B78F113037D1CDB5E0689D /* 📦 Copy Pods Resources */ = {
			isa = PBXShellScriptBuildPhase;
			buildActionMask = 2147483647;
			files = (
			);
			inputPaths = (
			);
			name = "📦 Copy Pods Resources";
			outputPaths = (
			);
			runOnlyForDeploymentPostprocessing = 0;
			shellPath = /bin/sh;
			shellScript = "\"${SRCROOT}/Pods/Target Support Files/Pods-LivoniaAdultGentleCareUITests/Pods-LivoniaAdultGentleCareUITests-resources.sh\"\n";
			showEnvVarsInLog = 0;
		};
		F44962025A11964DD2215CFB /* 📦 Embed Pods Frameworks */ = {
			isa = PBXShellScriptBuildPhase;
			buildActionMask = 2147483647;
			files = (
			);
			inputPaths = (
			);
			name = "📦 Embed Pods Frameworks";
			outputPaths = (
			);
			runOnlyForDeploymentPostprocessing = 0;
			shellPath = /bin/sh;
			shellScript = "\"${SRCROOT}/Pods/Target Support Files/Pods-LivoniaAdultGentleCare/Pods-LivoniaAdultGentleCare-frameworks.sh\"\n";
			showEnvVarsInLog = 0;
		};
		F50B669CEB13F47022BFD07C /* 📦 Check Pods Manifest.lock */ = {
			isa = PBXShellScriptBuildPhase;
			buildActionMask = 2147483647;
			files = (
			);
			inputPaths = (
			);
			name = "📦 Check Pods Manifest.lock";
			outputPaths = (
			);
			runOnlyForDeploymentPostprocessing = 0;
			shellPath = /bin/sh;
			shellScript = "diff \"${PODS_ROOT}/../Podfile.lock\" \"${PODS_ROOT}/Manifest.lock\" > /dev/null\nif [[ $? != 0 ]] ; then\n    cat << EOM\nerror: The sandbox is not in sync with the Podfile.lock. Run 'pod install' or update your CocoaPods installation.\nEOM\n    exit 1\nfi\n";
			showEnvVarsInLog = 0;
		};
/* End PBXShellScriptBuildPhase section */

/* Begin PBXSourcesBuildPhase section */
		EFAB46F81D8DB72200F78BF0 /* Sources */ = {
			isa = PBXSourcesBuildPhase;
			buildActionMask = 2147483647;
			files = (
				EFAB47001D8DB72200F78BF0 /* AppDelegate.swift in Sources */,
				EFF514271D923700001F5B41 /* CHTCollectionViewWaterfallLayout.swift in Sources */,
				EFBF92E71DA6F28A00C031A1 /* PageControlView.swift in Sources */,
				EF345D791D976C650029BD4B /* ShadowHideable.swift in Sources */,
				EFF514211D9207C8001F5B41 /* GalleryCell.swift in Sources */,
				EF345D7B1D987CBC0029BD4B /* HomePVC.swift in Sources */,
				EF0F0A491DAC243100BAA000 /* UpdateCell.swift in Sources */,
				EFAB47381D8DB93D00F78BF0 /* NewsVC.swift in Sources */,
				EF03BE151DAC36C800E88A51 /* NewsTVC.swift in Sources */,
				EF03BE171DAC5BCB00E88A51 /* PostManager.swift in Sources */,
				EF345D7D1D987F2B0029BD4B /* HomeDisplayModel.swift in Sources */,
				EF03BE1C1DAC649400E88A51 /* UpdatePost.swift in Sources */,
				EF03BE1A1DAC647C00E88A51 /* IntresetPost.swift in Sources */,
				EFAB47361D8DB92000F78BF0 /* GalleryVC.swift in Sources */,
				EFF5141D1D91F977001F5B41 /* TabBarController.swift in Sources */,
				EF5EEC1A1DA0A19300462E10 /* GalleryDisplayCVC.swift in Sources */,
				EF0F0A471DAC241F00BAA000 /* IntrestCell.swift in Sources */,
				EF345D771D9726AF0029BD4B /* Extensions.swift in Sources */,
				EFAB47341D8DB91200F78BF0 /* HomeVC.swift in Sources */,
				EF345D751D96E3030029BD4B /* GalleryModel.swift in Sources */,
				EF5EEC1C1DA0A48600462E10 /* GalleryDisplayCell.swift in Sources */,
				EFAB473A1D8DB94700F78BF0 /* ContactVC.swift in Sources */,
				EFF514231D9207FD001F5B41 /* GalleryCVC.swift in Sources */,
			);
			runOnlyForDeploymentPostprocessing = 0;
		};
		EFAB470E1D8DB72300F78BF0 /* Sources */ = {
			isa = PBXSourcesBuildPhase;
			buildActionMask = 2147483647;
			files = (
				EFAB47171D8DB72300F78BF0 /* LivoniaAdultGentleCareTests.swift in Sources */,
			);
			runOnlyForDeploymentPostprocessing = 0;
		};
		EFAB47191D8DB72300F78BF0 /* Sources */ = {
			isa = PBXSourcesBuildPhase;
			buildActionMask = 2147483647;
			files = (
				EFAB47221D8DB72300F78BF0 /* LivoniaAdultGentleCareUITests.swift in Sources */,
			);
			runOnlyForDeploymentPostprocessing = 0;
		};
/* End PBXSourcesBuildPhase section */

/* Begin PBXTargetDependency section */
		EFAB47141D8DB72300F78BF0 /* PBXTargetDependency */ = {
			isa = PBXTargetDependency;
			target = EFAB46FB1D8DB72200F78BF0 /* LivoniaAdultGentleCare */;
			targetProxy = EFAB47131D8DB72300F78BF0 /* PBXContainerItemProxy */;
		};
		EFAB471F1D8DB72300F78BF0 /* PBXTargetDependency */ = {
			isa = PBXTargetDependency;
			target = EFAB46FB1D8DB72200F78BF0 /* LivoniaAdultGentleCare */;
			targetProxy = EFAB471E1D8DB72300F78BF0 /* PBXContainerItemProxy */;
		};
/* End PBXTargetDependency section */

/* Begin PBXVariantGroup section */
		EFAB47051D8DB72300F78BF0 /* Main.storyboard */ = {
			isa = PBXVariantGroup;
			children = (
				EFAB47061D8DB72300F78BF0 /* Base */,
			);
			name = Main.storyboard;
			sourceTree = "<group>";
		};
		EFAB470A1D8DB72300F78BF0 /* LaunchScreen.storyboard */ = {
			isa = PBXVariantGroup;
			children = (
				EFAB470B1D8DB72300F78BF0 /* Base */,
			);
			name = LaunchScreen.storyboard;
			sourceTree = "<group>";
		};
/* End PBXVariantGroup section */

/* Begin XCBuildConfiguration section */
		EFAB47241D8DB72300F78BF0 /* Debug */ = {
			isa = XCBuildConfiguration;
			buildSettings = {
				ALWAYS_SEARCH_USER_PATHS = NO;
				CLANG_ANALYZER_NONNULL = YES;
				CLANG_CXX_LANGUAGE_STANDARD = "gnu++0x";
				CLANG_CXX_LIBRARY = "libc++";
				CLANG_ENABLE_MODULES = YES;
				CLANG_ENABLE_OBJC_ARC = YES;
				CLANG_WARN_BOOL_CONVERSION = YES;
				CLANG_WARN_CONSTANT_CONVERSION = YES;
				CLANG_WARN_DIRECT_OBJC_ISA_USAGE = YES_ERROR;
				CLANG_WARN_DOCUMENTATION_COMMENTS = YES;
				CLANG_WARN_EMPTY_BODY = YES;
				CLANG_WARN_ENUM_CONVERSION = YES;
				CLANG_WARN_INFINITE_RECURSION = YES;
				CLANG_WARN_INT_CONVERSION = YES;
				CLANG_WARN_OBJC_ROOT_CLASS = YES_ERROR;
				CLANG_WARN_SUSPICIOUS_MOVE = YES;
				CLANG_WARN_SUSPICIOUS_MOVES = YES;
				CLANG_WARN_UNREACHABLE_CODE = YES;
				CLANG_WARN__DUPLICATE_METHOD_MATCH = YES;
				CODE_SIGN_IDENTITY = "iPhone Developer";
				"CODE_SIGN_IDENTITY[sdk=iphoneos*]" = "iPhone Developer";
				COPY_PHASE_STRIP = NO;
				DEBUG_INFORMATION_FORMAT = dwarf;
				ENABLE_STRICT_OBJC_MSGSEND = YES;
				ENABLE_TESTABILITY = YES;
				GCC_C_LANGUAGE_STANDARD = gnu99;
				GCC_DYNAMIC_NO_PIC = NO;
				GCC_NO_COMMON_BLOCKS = YES;
				GCC_OPTIMIZATION_LEVEL = 0;
				GCC_PREPROCESSOR_DEFINITIONS = (
					"DEBUG=1",
					"$(inherited)",
				);
				GCC_WARN_64_TO_32_BIT_CONVERSION = YES;
				GCC_WARN_ABOUT_RETURN_TYPE = YES_ERROR;
				GCC_WARN_UNDECLARED_SELECTOR = YES;
				GCC_WARN_UNINITIALIZED_AUTOS = YES_AGGRESSIVE;
				GCC_WARN_UNUSED_FUNCTION = YES;
				GCC_WARN_UNUSED_VARIABLE = YES;
				IPHONEOS_DEPLOYMENT_TARGET = 9.0;
				MTL_ENABLE_DEBUG_INFO = YES;
				ONLY_ACTIVE_ARCH = YES;
				SDKROOT = iphoneos;
				SWIFT_ACTIVE_COMPILATION_CONDITIONS = DEBUG;
				SWIFT_OPTIMIZATION_LEVEL = "-Onone";
			};
			name = Debug;
		};
		EFAB47251D8DB72300F78BF0 /* Release */ = {
			isa = XCBuildConfiguration;
			buildSettings = {
				ALWAYS_SEARCH_USER_PATHS = NO;
				CLANG_ANALYZER_NONNULL = YES;
				CLANG_CXX_LANGUAGE_STANDARD = "gnu++0x";
				CLANG_CXX_LIBRARY = "libc++";
				CLANG_ENABLE_MODULES = YES;
				CLANG_ENABLE_OBJC_ARC = YES;
				CLANG_WARN_BOOL_CONVERSION = YES;
				CLANG_WARN_CONSTANT_CONVERSION = YES;
				CLANG_WARN_DIRECT_OBJC_ISA_USAGE = YES_ERROR;
				CLANG_WARN_DOCUMENTATION_COMMENTS = YES;
				CLANG_WARN_EMPTY_BODY = YES;
				CLANG_WARN_ENUM_CONVERSION = YES;
				CLANG_WARN_INFINITE_RECURSION = YES;
				CLANG_WARN_INT_CONVERSION = YES;
				CLANG_WARN_OBJC_ROOT_CLASS = YES_ERROR;
				CLANG_WARN_SUSPICIOUS_MOVE = YES;
				CLANG_WARN_SUSPICIOUS_MOVES = YES;
				CLANG_WARN_UNREACHABLE_CODE = YES;
				CLANG_WARN__DUPLICATE_METHOD_MATCH = YES;
				CODE_SIGN_IDENTITY = "iPhone Developer";
				"CODE_SIGN_IDENTITY[sdk=iphoneos*]" = "iPhone Distribution";
				COPY_PHASE_STRIP = NO;
				DEBUG_INFORMATION_FORMAT = "dwarf-with-dsym";
				ENABLE_NS_ASSERTIONS = NO;
				ENABLE_STRICT_OBJC_MSGSEND = YES;
				GCC_C_LANGUAGE_STANDARD = gnu99;
				GCC_NO_COMMON_BLOCKS = YES;
				GCC_WARN_64_TO_32_BIT_CONVERSION = YES;
				GCC_WARN_ABOUT_RETURN_TYPE = YES_ERROR;
				GCC_WARN_UNDECLARED_SELECTOR = YES;
				GCC_WARN_UNINITIALIZED_AUTOS = YES_AGGRESSIVE;
				GCC_WARN_UNUSED_FUNCTION = YES;
				GCC_WARN_UNUSED_VARIABLE = YES;
				IPHONEOS_DEPLOYMENT_TARGET = 9.0;
				MTL_ENABLE_DEBUG_INFO = NO;
				SDKROOT = iphoneos;
				SWIFT_OPTIMIZATION_LEVEL = "-Owholemodule";
				VALIDATE_PRODUCT = YES;
			};
			name = Release;
		};
		EFAB47271D8DB72300F78BF0 /* Debug */ = {
			isa = XCBuildConfiguration;
			baseConfigurationReference = C65913EC6C1505EF98869544 /* Pods-LivoniaAdultGentleCare.debug.xcconfig */;
			buildSettings = {
				ASSETCATALOG_COMPILER_APPICON_NAME = AppIcon;
				"CODE_SIGN_IDENTITY[sdk=iphoneos*]" = "iPhone Developer";
				DEVELOPMENT_TEAM = 78PY5HFX5F;
				INFOPLIST_FILE = LivoniaAdultGentleCare/Info.plist;
				IPHONEOS_DEPLOYMENT_TARGET = 9.0;
				LD_RUNPATH_SEARCH_PATHS = "$(inherited) @executable_path/Frameworks";
				PRODUCT_BUNDLE_IDENTIFIER = BortasOvi.LivoniaAdultGentleCare;
				PRODUCT_NAME = "$(TARGET_NAME)";
				SWIFT_VERSION = 3.0;
				TARGETED_DEVICE_FAMILY = 1;
			};
			name = Debug;
		};
		EFAB47281D8DB72300F78BF0 /* Release */ = {
			isa = XCBuildConfiguration;
			baseConfigurationReference = 845F77F74710192AFB192F22 /* Pods-LivoniaAdultGentleCare.release.xcconfig */;
			buildSettings = {
				ASSETCATALOG_COMPILER_APPICON_NAME = AppIcon;
				"CODE_SIGN_IDENTITY[sdk=iphoneos*]" = "iPhone Developer";
				DEVELOPMENT_TEAM = 78PY5HFX5F;
				INFOPLIST_FILE = LivoniaAdultGentleCare/Info.plist;
				IPHONEOS_DEPLOYMENT_TARGET = 9.0;
				LD_RUNPATH_SEARCH_PATHS = "$(inherited) @executable_path/Frameworks";
				PRODUCT_BUNDLE_IDENTIFIER = BortasOvi.LivoniaAdultGentleCare;
				PRODUCT_NAME = "$(TARGET_NAME)";
				SWIFT_VERSION = 3.0;
				TARGETED_DEVICE_FAMILY = 1;
			};
			name = Release;
		};
		EFAB472A1D8DB72300F78BF0 /* Debug */ = {
			isa = XCBuildConfiguration;
			baseConfigurationReference = F3F0E86AEA236C418628D8AF /* Pods-LivoniaAdultGentleCareTests.debug.xcconfig */;
			buildSettings = {
				ALWAYS_EMBED_SWIFT_STANDARD_LIBRARIES = YES;
				BUNDLE_LOADER = "$(TEST_HOST)";
				DEVELOPMENT_TEAM = 78PY5HFX5F;
				INFOPLIST_FILE = LivoniaAdultGentleCareTests/Info.plist;
				LD_RUNPATH_SEARCH_PATHS = "$(inherited) @executable_path/Frameworks @loader_path/Frameworks";
				PRODUCT_BUNDLE_IDENTIFIER = BortasOvi.LivoniaAdultGentleCareTests;
				PRODUCT_NAME = "$(TARGET_NAME)";
				SWIFT_VERSION = 3.0;
				TEST_HOST = "$(BUILT_PRODUCTS_DIR)/LivoniaAdultGentleCare.app/LivoniaAdultGentleCare";
			};
			name = Debug;
		};
		EFAB472B1D8DB72300F78BF0 /* Release */ = {
			isa = XCBuildConfiguration;
			baseConfigurationReference = E695320DB525186C619B641A /* Pods-LivoniaAdultGentleCareTests.release.xcconfig */;
			buildSettings = {
				ALWAYS_EMBED_SWIFT_STANDARD_LIBRARIES = YES;
				BUNDLE_LOADER = "$(TEST_HOST)";
				DEVELOPMENT_TEAM = 78PY5HFX5F;
				INFOPLIST_FILE = LivoniaAdultGentleCareTests/Info.plist;
				LD_RUNPATH_SEARCH_PATHS = "$(inherited) @executable_path/Frameworks @loader_path/Frameworks";
				PRODUCT_BUNDLE_IDENTIFIER = BortasOvi.LivoniaAdultGentleCareTests;
				PRODUCT_NAME = "$(TARGET_NAME)";
				SWIFT_VERSION = 3.0;
				TEST_HOST = "$(BUILT_PRODUCTS_DIR)/LivoniaAdultGentleCare.app/LivoniaAdultGentleCare";
			};
			name = Release;
		};
		EFAB472D1D8DB72300F78BF0 /* Debug */ = {
			isa = XCBuildConfiguration;
			baseConfigurationReference = B610E560FE64CCEF90EA8094 /* Pods-LivoniaAdultGentleCareUITests.debug.xcconfig */;
			buildSettings = {
				ALWAYS_EMBED_SWIFT_STANDARD_LIBRARIES = YES;
				DEVELOPMENT_TEAM = 78PY5HFX5F;
				INFOPLIST_FILE = LivoniaAdultGentleCareUITests/Info.plist;
				LD_RUNPATH_SEARCH_PATHS = "$(inherited) @executable_path/Frameworks @loader_path/Frameworks";
				PRODUCT_BUNDLE_IDENTIFIER = BortasOvi.LivoniaAdultGentleCareUITests;
				PRODUCT_NAME = "$(TARGET_NAME)";
				SWIFT_VERSION = 3.0;
				TEST_TARGET_NAME = LivoniaAdultGentleCare;
			};
			name = Debug;
		};
		EFAB472E1D8DB72300F78BF0 /* Release */ = {
			isa = XCBuildConfiguration;
			baseConfigurationReference = 43C328AB1928A09E33528EC5 /* Pods-LivoniaAdultGentleCareUITests.release.xcconfig */;
			buildSettings = {
				ALWAYS_EMBED_SWIFT_STANDARD_LIBRARIES = YES;
				DEVELOPMENT_TEAM = 78PY5HFX5F;
				INFOPLIST_FILE = LivoniaAdultGentleCareUITests/Info.plist;
				LD_RUNPATH_SEARCH_PATHS = "$(inherited) @executable_path/Frameworks @loader_path/Frameworks";
				PRODUCT_BUNDLE_IDENTIFIER = BortasOvi.LivoniaAdultGentleCareUITests;
				PRODUCT_NAME = "$(TARGET_NAME)";
				SWIFT_VERSION = 3.0;
				TEST_TARGET_NAME = LivoniaAdultGentleCare;
			};
			name = Release;
		};
/* End XCBuildConfiguration section */

/* Begin XCConfigurationList section */
		EFAB46F71D8DB72200F78BF0 /* Build configuration list for PBXProject "LivoniaAdultGentleCare" */ = {
			isa = XCConfigurationList;
			buildConfigurations = (
				EFAB47241D8DB72300F78BF0 /* Debug */,
				EFAB47251D8DB72300F78BF0 /* Release */,
			);
			defaultConfigurationIsVisible = 0;
			defaultConfigurationName = Release;
		};
		EFAB47261D8DB72300F78BF0 /* Build configuration list for PBXNativeTarget "LivoniaAdultGentleCare" */ = {
			isa = XCConfigurationList;
			buildConfigurations = (
				EFAB47271D8DB72300F78BF0 /* Debug */,
				EFAB47281D8DB72300F78BF0 /* Release */,
			);
			defaultConfigurationIsVisible = 0;
			defaultConfigurationName = Release;
		};
		EFAB47291D8DB72300F78BF0 /* Build configuration list for PBXNativeTarget "LivoniaAdultGentleCareTests" */ = {
			isa = XCConfigurationList;
			buildConfigurations = (
				EFAB472A1D8DB72300F78BF0 /* Debug */,
				EFAB472B1D8DB72300F78BF0 /* Release */,
			);
			defaultConfigurationIsVisible = 0;
			defaultConfigurationName = Release;
		};
		EFAB472C1D8DB72300F78BF0 /* Build configuration list for PBXNativeTarget "LivoniaAdultGentleCareUITests" */ = {
			isa = XCConfigurationList;
			buildConfigurations = (
				EFAB472D1D8DB72300F78BF0 /* Debug */,
				EFAB472E1D8DB72300F78BF0 /* Release */,
			);
			defaultConfigurationIsVisible = 0;
			defaultConfigurationName = Release;
		};
/* End XCConfigurationList section */
	};
	rootObject = EFAB46F41D8DB72200F78BF0 /* Project object */;
}
